version = 1
revision = 1
requires-python = ">=3.11"

[[package]]
name = "aspects"
version = "0.1.0"
source = { editable = "." }
dependencies = [
    { name = "click" },
    { name = "click-option-group" },
    { name = "rich" },
    { name = "stevedore" },
]

[package.dev-dependencies]
dev = [
    { name = "pytest" },
]

[package.metadata]
requires-dist = [
    { name = "click", specifier = ">=8.0" },
    { name = "click-option-group" },
    { name = "rich" },
    { name = "stevedore" },
]

[package.metadata.requires-dev]
dev = [{ name = "pytest", specifier = ">=8" }]

[[package]]
name = "click"
version = "8.3.2"
source = { registry = "https://sixtynorthartifactory1.jfrog.io/artifactory/api/pypi/python-packages/simple" }
dependencies = [
    { name = "colorama", marker = "sys_platform == 'win32'" },
]
sdist = { url = "https://sixtynorthartifactory1.jfrog.io/artifactory/api/pypi/python-packages/packages/packages/57/75/31212c6bf2503fdf920d87fee5d7a86a2e3bcf444984126f13d8e4016804/click-8.3.2.tar.gz", hash = "sha256:14162b8b3b3550a7d479eafa77dfd3c38d9dc8951f6f69c78913a8f9a7540fd5" }
wheels = [
    { url = "https://sixtynorthartifactory1.jfrog.io/artifactory/api/pypi/python-packages/packages/packages/e4/20/71885d8b97d4f3dde17b1fdb92dbd4908b00541c5a3379787137285f602e/click-8.3.2-py3-none-any.whl", hash = "sha256:1924d2c27c5653561cd2cae4548d1406039cb79b858b747cfea24924bbc1616d" },
]

[[package]]
name = "click-option-group"
version = "0.5.9"
source = { registry = "https://sixtynorthartifactory1.jfrog.io/artifactory/api/pypi/python-packages/simple" }
dependencies = [
    { name = "click" },
]
sdist = { url = "https://sixtynorthartifactory1.jfrog.io/artifactory/api/pypi/python-packages/packages/packages/ef/ff/d291d66595b30b83d1cb9e314b2c9be7cfc7327d4a0d40a15da2416ea97b/click_option_group-0.5.9.tar.gz", hash = "sha256:f94ed2bc4cf69052e0f29592bd1e771a1789bd7bfc482dd0bc482134aff95823" }
wheels = [
    { url = "https://sixtynorthartifactory1.jfrog.io/artifactory/api/pypi/python-packages/packages/packages/75/45/54bb2d8d4138964a94bef6e9afe48b0be4705ba66ac442ae7d8a8dc4ffef/click_option_group-0.5.9-py3-none-any.whl", hash = "sha256:ad2599248bd373e2e19bec5407967c3eec1d0d4fc4a5e77b08a0481e75991080" },
]

[[package]]
name = "colorama"
version = "0.4.6"
source = { registry = "https://sixtynorthartifactory1.jfrog.io/artifactory/api/pypi/python-packages/simple" }
sdist = { url = "https://sixtynorthartifactory1.jfrog.io/artifactory/api/pypi/python-packages/packages/packages/d8/53/6f443c9a4a8358a93a6792e2acffb9d9d5cb0a5cfd8802644b7b1c9a02e4/colorama-0.4.6.tar.gz", hash = "sha256:08695f5cb7ed6e0531a20572697297273c47b8cae5a63ffc6d6ed5c201be6e44" }
wheels = [
    { url = "https://sixtynorthartifactory1.jfrog.io/artifactory/api/pypi/python-packages/packages/packages/d1/d6/3965ed04c63042e047cb6a3e6ed1a63a35087b6a609aa3a15ed8ac56c221/colorama-0.4.6-py2.py3-none-any.whl", hash = "sha256:4f1d9991f5acc0ca119f9d443620b77f9d6b33703e51011c16baf57afb285fc6" },
]

[[package]]
name = "iniconfig"
version = "2.3.0"
source = { registry = "https://sixtynorthartifactory1.jfrog.io/artifactory/api/pypi/python-packages/simple" }
sdist = { url = "https://sixtynorthartifactory1.jfrog.io/artifactory/api/pypi/python-packages/packages/packages/72/34/14ca021ce8e5dfedc35312d08ba8bf51fdd999c576889fc2c24cb97f4f10/iniconfig-2.3.0.tar.gz", hash = "sha256:c76315c77db068650d49c5b56314774a7804df16fee4402c1f19d6d15d8c4730" }
wheels = [
    { url = "https://sixtynorthartifactory1.jfrog.io/artifactory/api/pypi/python-packages/packages/packages/cb/b1/3846dd7f199d53cb17f49cba7e651e9ce294d8497c8c150530ed11865bb8/iniconfig-2.3.0-py3-none-any.whl", hash = "sha256:f631c04d2c48c52b84d0d0549c99ff3859c98df65b3101406327ecc7d53fbf12" },
]

[[package]]
name = "markdown-it-py"
version = "4.0.0"
source = { registry = "https://sixtynorthartifactory1.jfrog.io/artifactory/api/pypi/python-packages/simple" }
dependencies = [
    { name = "mdurl" },
]
sdist = { url = "https://sixtynorthartifactory1.jfrog.io/artifactory/api/pypi/python-packages/packages/packages/5b/f5/4ec618ed16cc4f8fb3b701563655a69816155e79e24a17b651541804721d/markdown_it_py-4.0.0.tar.gz", hash = "sha256:cb0a2b4aa34f932c007117b194e945bd74e0ec24133ceb5bac59009cda1cb9f3" }
wheels = [
    { url = "https://sixtynorthartifactory1.jfrog.io/artifactory/api/pypi/python-packages/packages/packages/94/54/e7d793b573f298e1c9013b8c4dade17d481164aa517d1d7148619c2cedbf/markdown_it_py-4.0.0-py3-none-any.whl", hash = "sha256:87327c59b172c5011896038353a81343b6754500a08cd7a4973bb48c6d578147" },
]

[[package]]
name = "mdurl"
version = "0.1.2"
source = { registry = "https://sixtynorthartifactory1.jfrog.io/artifactory/api/pypi/python-packages/simple" }
sdist = { url = "https://sixtynorthartifactory1.jfrog.io/artifactory/api/pypi/python-packages/packages/packages/d6/54/cfe61301667036ec958cb99bd3efefba235e65cdeb9c84d24a8293ba1d90/mdurl-0.1.2.tar.gz", hash = "sha256:bb413d29f5eea38f31dd4754dd7377d4465116fb207585f97bf925588687c1ba" }
wheels = [
    { url = "https://sixtynorthartifactory1.jfrog.io/artifactory/api/pypi/python-packages/packages/packages/b3/38/89ba8ad64ae25be8de66a6d463314cf1eb366222074cfda9ee839c56a4b4/mdurl-0.1.2-py3-none-any.whl", hash = "sha256:84008a41e51615a49fc9966191ff91509e3c40b939176e643fd50a5c2196b8f8" },
]

[[package]]
name = "packaging"
version = "26.1"
source = { registry = "https://sixtynorthartifactory1.jfrog.io/artifactory/api/pypi/python-packages/simple" }
sdist = { url = "https://sixtynorthartifactory1.jfrog.io/artifactory/api/pypi/python-packages/packages/packages/df/de/0d2b39fb4af88a0258f3bac87dfcbb48e73fbdea4a2ed0e2213f9a4c2f9a/packaging-26.1.tar.gz", hash = "sha256:f042152b681c4bfac5cae2742a55e103d27ab2ec0f3d88037136b6bfe7c9c5de" }
wheels = [
    { url = "https://sixtynorthartifactory1.jfrog.io/artifactory/api/pypi/python-packages/packages/packages/7a/c2/920ef838e2f0028c8262f16101ec09ebd5969864e5a64c4c05fad0617c56/packaging-26.1-py3-none-any.whl", hash = "sha256:5d9c0669c6285e491e0ced2eee587eaf67b670d94a19e94e3984a481aba6802f" },
]

[[package]]
name = "pluggy"
version = "1.6.0"
source = { registry = "https://sixtynorthartifactory1.jfrog.io/artifactory/api/pypi/python-packages/simple" }
sdist = { url = "https://sixtynorthartifactory1.jfrog.io/artifactory/api/pypi/python-packages/packages/packages/f9/e2/3e91f31a7d2b083fe6ef3fa267035b518369d9511ffab804f839851d2779/pluggy-1.6.0.tar.gz", hash = "sha256:7dcc130b76258d33b90f61b658791dede3486c3e6bfb003ee5c9bfb396dd22f3" }
wheels = [
    { url = "https://sixtynorthartifactory1.jfrog.io/artifactory/api/pypi/python-packages/packages/packages/54/20/4d324d65cc6d9205fabedc306948156824eb9f0ee1633355a8f7ec5c66bf/pluggy-1.6.0-py3-none-any.whl", hash = "sha256:e920276dd6813095e9377c0bc5566d94c932c33b27a3e3945d8389c374dd4746" },
]

[[package]]
name = "pygments"
version = "2.20.0"
source = { registry = "https://sixtynorthartifactory1.jfrog.io/artifactory/api/pypi/python-packages/simple" }
sdist = { url = "https://sixtynorthartifactory1.jfrog.io/artifactory/api/pypi/python-packages/packages/packages/c3/b2/bc9c9196916376152d655522fdcebac55e66de6603a76a02bca1b6414f6c/pygments-2.20.0.tar.gz", hash = "sha256:6757cd03768053ff99f3039c1a36d6c0aa0b263438fcab17520b30a303a82b5f" }
wheels = [
    { url = "https://sixtynorthartifactory1.jfrog.io/artifactory/api/pypi/python-packages/packages/packages/f4/7e/a72dd26f3b0f4f2bf1dd8923c85f7ceb43172af56d63c7383eb62b332364/pygments-2.20.0-py3-none-any.whl", hash = "sha256:81a9e26dd42fd28a23a2d169d86d7ac03b46e2f8b59ed4698fb4785f946d0176" },
]

[[package]]
name = "pytest"
version = "9.0.3"
source = { registry = "https://sixtynorthartifactory1.jfrog.io/artifactory/api/pypi/python-packages/simple" }
dependencies = [
    { name = "colorama", marker = "sys_platform == 'win32'" },
    { name = "iniconfig" },
    { name = "packaging" },
    { name = "pluggy" },
    { name = "pygments" },
]
sdist = { url = "https://sixtynorthartifactory1.jfrog.io/artifactory/api/pypi/python-packages/packages/packages/7d/0d/549bd94f1a0a402dc8cf64563a117c0f3765662e2e668477624baeec44d5/pytest-9.0.3.tar.gz", hash = "sha256:b86ada508af81d19edeb213c681b1d48246c1a91d304c6c81a427674c17eb91c" }
wheels = [
    { url = "https://sixtynorthartifactory1.jfrog.io/artifactory/api/pypi/python-packages/packages/packages/d4/24/a372aaf5c9b7208e7112038812994107bc65a84cd00e0354a88c2c77a617/pytest-9.0.3-py3-none-any.whl", hash = "sha256:2c5efc453d45394fdd706ade797c0a81091eccd1d6e4bccfcd476e2b8e0ab5d9" },
]

[[package]]
name = "rich"
version = "15.0.0"
source = { registry = "https://sixtynorthartifactory1.jfrog.io/artifactory/api/pypi/python-packages/simple" }
dependencies = [
    { name = "markdown-it-py" },
    { name = "pygments" },
]
sdist = { url = "https://sixtynorthartifactory1.jfrog.io/artifactory/api/pypi/python-packages/packages/packages/c0/8f/0722ca900cc807c13a6a0c696dacf35430f72e0ec571c4275d2371fca3e9/rich-15.0.0.tar.gz", hash = "sha256:edd07a4824c6b40189fb7ac9bc4c52536e9780fbbfbddf6f1e2502c31b068c36" }
wheels = [
    { url = "https://sixtynorthartifactory1.jfrog.io/artifactory/api/pypi/python-packages/packages/packages/82/3b/64d4899d73f91ba49a8c18a8ff3f0ea8f1c1d75481760df8c68ef5235bf5/rich-15.0.0-py3-none-any.whl", hash = "sha256:33bd4ef74232fb73fe9279a257718407f169c09b78a87ad3d296f548e27de0bb" },
]

[[package]]
name = "stevedore"
version = "5.7.0"
source = { registry = "https://sixtynorthartifactory1.jfrog.io/artifactory/api/pypi/python-packages/simple" }
sdist = { url = "https://sixtynorthartifactory1.jfrog.io/artifactory/api/pypi/python-packages/packages/packages/a2/6d/90764092216fa560f6587f83bb70113a8ba510ba436c6476a2b47359057c/stevedore-5.7.0.tar.gz", hash = "sha256:31dd6fe6b3cbe921e21dcefabc9a5f1cf848cf538a1f27543721b8ca09948aa3" }
wheels = [
    { url = "https://sixtynorthartifactory1.jfrog.io/artifactory/api/pypi/python-packages/packages/packages/69/06/36d260a695f383345ab5bbc3fd447249594ae2fa8dfd19c533d5ae23f46b/stevedore-5.7.0-py3-none-any.whl", hash = "sha256:fd25efbb32f1abb4c9e502f385f0018632baac11f9ee5d1b70f88cc5e22ad4ed" },
]
